
Microsoft Visual Studio Solution File, Format Version 12.00
# Visual Studio 15
VisualStudioVersion = 15.0.28010.2046
MinimumVisualStudioVersion = 10.0.40219.1
Project("{159641D6-6404-4A2A-AE62-294DE0FE8301}") = "MainlineUK", "MainlineUK\MainlineUK.dtproj", "{8F09C151-AAE1-4FFF-B90A-32FB6278DA20}"
EndProject
Global
	GlobalSection(SolutionConfigurationPlatforms) = preSolution
		Development|Default = Development|Default
	EndGlobalSection
	GlobalSection(ProjectConfigurationPlatforms) = postSolution
		{8F09C151-AAE1-4FFF-B90A-32FB6278DA20}.Development|Default.ActiveCfg = Development
		{8F09C151-AAE1-4FFF-B90A-32FB6278DA20}.Development|Default.Build.0 = Development
	EndGlobalSection
	GlobalSection(SolutionProperties) = preSolution
		HideSolutionNode = FALSE
	EndGlobalSection
	GlobalSection(ExtensibilityGlobals) = postSolution
		SolutionGuid = {640AFB90-A33A-4288-BC81-264E2E765194}
	EndGlobalSection
EndGlobal
